
Microsoft Visual Studio Solution File, Format Version 12.00
# Visual Studio 15
VisualStudioVersion = 15.0.28307.705
MinimumVisualStudioVersion = 10.0.40219.1
Project("{FAE04EC0-301F-11D3-BF4B-00C04F79EFBC}") = "Packing Files", "Packing Files\Packing Files.csproj", "{86482360-0B2A-4E1A-A994-6FFA82E58CDF}"
EndProject
Global
	GlobalSection(SolutionConfigurationPlatforms) = preSolution
		Debug|Any CPU = Debug|Any CPU
		Release|Any CPU = Release|Any CPU
	EndGlobalSection
	GlobalSection(ProjectConfigurationPlatforms) = postSolution
		{86482360-0B2A-4E1A-A994-6FFA82E58CDF}.Debug|Any CPU.ActiveCfg = Debug|Any CPU
		{86482360-0B2A-4E1A-A994-6FFA82E58CDF}.Debug|Any CPU.Build.0 = Debug|Any CPU
		{86482360-0B2A-4E1A-A994-6FFA82E58CDF}.Release|Any CPU.ActiveCfg = Release|Any CPU
		{86482360-0B2A-4E1A-A994-6FFA82E58CDF}.Release|Any CPU.Build.0 = Release|Any CPU
	EndGlobalSection
	GlobalSection(SolutionProperties) = preSolution
		HideSolutionNode = FALSE
	EndGlobalSection
	GlobalSection(ExtensibilityGlobals) = postSolution
		SolutionGuid = {1821D342-BD37-4343-86E3-57C4745450C6}
	EndGlobalSection
EndGlobal
